
Microsoft Visual Studio Solution File, Format Version 12.00
# Visual Studio Version 17
VisualStudioVersion = 17.3.32819.101
MinimumVisualStudioVersion = 10.0.40219.1
Project("{FAE04EC0-301F-11D3-BF4B-00C04F79EFBC}") = "WeatherApp", "WeatherApp\WeatherApp.csproj", "{F9CA6378-DFC0-4673-9109-C829A42CBEF8}"
EndProject
Global
	GlobalSection(SolutionConfigurationPlatforms) = preSolution
		Debug|Any CPU = Debug|Any CPU
		Release|Any CPU = Release|Any CPU
	EndGlobalSection
	GlobalSection(ProjectConfigurationPlatforms) = postSolution
		{F9CA6378-DFC0-4673-9109-C829A42CBEF8}.Debug|Any CPU.ActiveCfg = Debug|Any CPU
		{F9CA6378-DFC0-4673-9109-C829A42CBEF8}.Debug|Any CPU.Build.0 = Debug|Any CPU
		{F9CA6378-DFC0-4673-9109-C829A42CBEF8}.Debug|Any CPU.Deploy.0 = Debug|Any CPU
		{F9CA6378-DFC0-4673-9109-C829A42CBEF8}.Release|Any CPU.ActiveCfg = Release|Any CPU
		{F9CA6378-DFC0-4673-9109-C829A42CBEF8}.Release|Any CPU.Build.0 = Release|Any CPU
		{F9CA6378-DFC0-4673-9109-C829A42CBEF8}.Release|Any CPU.Deploy.0 = Release|Any CPU
	EndGlobalSection
	GlobalSection(SolutionProperties) = preSolution
		HideSolutionNode = FALSE
	EndGlobalSection
	GlobalSection(ExtensibilityGlobals) = postSolution
		SolutionGuid = {C33E9E94-FAEB-45A3-82E3-C54EF08DB310}
	EndGlobalSection
EndGlobal
